// !$*UTF8*$!
{
	archiveVersion = 1;
	classes = {
	};
	objectVersion = 48;
	objects = {

/* Begin PBXBuildFile section */
		1821A8C22000E928009F8269 /* WebService.m in Sources */ = {isa = PBXBuildFile; fileRef = 1821A8C12000E928009F8269 /* WebService.m */; };
		1821A8E82000E97C009F8269 /* Montserrat-Black.otf in Resources */ = {isa = PBXBuildFile; fileRef = 1821A8C32000E979009F8269 /* Montserrat-Black.otf */; };
		1821A8E92000E97C009F8269 /* MontserratAlternates-BoldItalic.otf in Resources */ = {isa = PBXBuildFile; fileRef = 1821A8C42000E979009F8269 /* MontserratAlternates-BoldItalic.otf */; };
		1821A8EA2000E97C009F8269 /* MontserratAlternates-Thin.otf in Resources */ = {isa = PBXBuildFile; fileRef = 1821A8C52000E979009F8269 /* MontserratAlternates-Thin.otf */; };
		1821A8EB2000E97C009F8269 /* Montserrat-Medium.otf in Resources */ = {isa = PBXBuildFile; fileRef = 1821A8C62000E979009F8269 /* Montserrat-Medium.otf */; };
		1821A8EC2000E97C009F8269 /* Montserrat-BoldItalic.otf in Resources */ = {isa = PBXBuildFile; fileRef = 1821A8C72000E979009F8269 /* Montserrat-BoldItalic.otf */; };
		1821A8ED2000E97C009F8269 /* Montserrat-ExtraBold.otf in Resources */ = {isa = PBXBuildFile; fileRef = 1821A8C82000E979009F8269 /* Montserrat-ExtraBold.otf */; };
		1821A8EE2000E97C009F8269 /* Montserrat-Regular.otf in Resources */ = {isa = PBXBuildFile; fileRef = 1821A8C92000E979009F8269 /* Montserrat-Regular.otf */; };
		1821A8EF2000E97C009F8269 /* MontserratAlternates-ExtraBold.otf in Resources */ = {isa = PBXBuildFile; fileRef = 1821A8CA2000E979009F8269 /* MontserratAlternates-ExtraBold.otf */; };
		1821A8F02000E97C009F8269 /* Montserrat-ExtraLight.otf in Resources */ = {isa = PBXBuildFile; fileRef = 1821A8CB2000E979009F8269 /* Montserrat-ExtraLight.otf */; };
		1821A8F12000E97C009F8269 /* MontserratAlternates-Regular.otf in Resources */ = {isa = PBXBuildFile; fileRef = 1821A8CC2000E979009F8269 /* MontserratAlternates-Regular.otf */; };
		1821A8F22000E97C009F8269 /* MontserratAlternates-Black.otf in Resources */ = {isa = PBXBuildFile; fileRef = 1821A8CD2000E979009F8269 /* MontserratAlternates-Black.otf */; };
		1821A8F32000E97C009F8269 /* MontserratAlternates-ExtraBoldItalic.otf in Resources */ = {isa = PBXBuildFile; fileRef = 1821A8CE2000E979009F8269 /* MontserratAlternates-ExtraBoldItalic.otf */; };
		1821A8F42000E97C009F8269 /* MontserratAlternates-SemiBold.otf in Resources */ = {isa = PBXBuildFile; fileRef = 1821A8CF2000E979009F8269 /* MontserratAlternates-SemiBold.otf */; };
		1821A8F52000E97C009F8269 /* MontserratAlternates-ExtraLight.otf in Resources */ = {isa = PBXBuildFile; fileRef = 1821A8D02000E979009F8269 /* MontserratAlternates-ExtraLight.otf */; };
		1821A8F62000E97C009F8269 /* MontserratAlternates-Italic.otf in Resources */ = {isa = PBXBuildFile; fileRef = 1821A8D12000E97A009F8269 /* MontserratAlternates-Italic.otf */; };
		1821A8F72000E97C009F8269 /* MontserratAlternates-Medium.otf in Resources */ = {isa = PBXBuildFile; fileRef = 1821A8D22000E97A009F8269 /* MontserratAlternates-Medium.otf */; };
		1821A8F82000E97C009F8269 /* Montserrat-Italic.otf in Resources */ = {isa = PBXBuildFile; fileRef = 1821A8D32000E97A009F8269 /* Montserrat-Italic.otf */; };
		1821A8F92000E97C009F8269 /* SIL Open Font License.txt in Resources */ = {isa = PBXBuildFile; fileRef = 1821A8D42000E97A009F8269 /* SIL Open Font License.txt */; };
		1821A8FA2000E97C009F8269 /* Montserrat-ExtraBoldItalic.otf in Resources */ = {isa = PBXBuildFile; fileRef = 1821A8D52000E97A009F8269 /* Montserrat-ExtraBoldItalic.otf */; };
		1821A8FB2000E97C009F8269 /* Montserrat-ThinItalic.otf in Resources */ = {isa = PBXBuildFile; fileRef = 1821A8D62000E97A009F8269 /* Montserrat-ThinItalic.otf */; };
		1821A8FC2000E97C009F8269 /* Montserrat-ExtraLightItalic.otf in Resources */ = {isa = PBXBuildFile; fileRef = 1821A8D72000E97A009F8269 /* Montserrat-ExtraLightItalic.otf */; };
		1821A8FD2000E97C009F8269 /* Montserrat-MediumItalic.otf in Resources */ = {isa = PBXBuildFile; fileRef = 1821A8D82000E97A009F8269 /* Montserrat-MediumItalic.otf */; };
		1821A8FE2000E97C009F8269 /* MontserratAlternates-Bold.otf in Resources */ = {isa = PBXBuildFile; fileRef = 1821A8D92000E97A009F8269 /* MontserratAlternates-Bold.otf */; };
		1821A8FF2000E97C009F8269 /* Montserrat-Thin.otf in Resources */ = {isa = PBXBuildFile; fileRef = 1821A8DA2000E97B009F8269 /* Montserrat-Thin.otf */; };
		1821A9002000E97C009F8269 /* Montserrat-Bold.otf in Resources */ = {isa = PBXBuildFile; fileRef = 1821A8DB2000E97B009F8269 /* Montserrat-Bold.otf */; };
		1821A9012000E97C009F8269 /* Montserrat-BlackItalic.otf in Resources */ = {isa = PBXBuildFile; fileRef = 1821A8DC2000E97B009F8269 /* Montserrat-BlackItalic.otf */; };
		1821A9022000E97C009F8269 /* Montserrat-LightItalic.otf in Resources */ = {isa = PBXBuildFile; fileRef = 1821A8DD2000E97B009F8269 /* Montserrat-LightItalic.otf */; };
		1821A9032000E97C009F8269 /* MontserratAlternates-BlackItalic.otf in Resources */ = {isa = PBXBuildFile; fileRef = 1821A8DE2000E97B009F8269 /* MontserratAlternates-BlackItalic.otf */; };
		1821A9042000E97C009F8269 /* MontserratAlternates-LightItalic.otf in Resources */ = {isa = PBXBuildFile; fileRef = 1821A8DF2000E97B009F8269 /* MontserratAlternates-LightItalic.otf */; };
		1821A9052000E97C009F8269 /* Montserrat-SemiBold.otf in Resources */ = {isa = PBXBuildFile; fileRef = 1821A8E02000E97B009F8269 /* Montserrat-SemiBold.otf */; };
		1821A9062000E97C009F8269 /* MontserratAlternates-ExtraLightItalic.otf in Resources */ = {isa = PBXBuildFile; fileRef = 1821A8E12000E97B009F8269 /* MontserratAlternates-ExtraLightItalic.otf */; };
		1821A9072000E97C009F8269 /* MontserratAlternates-ThinItalic.otf in Resources */ = {isa = PBXBuildFile; fileRef = 1821A8E22000E97C009F8269 /* MontserratAlternates-ThinItalic.otf */; };
		1821A9082000E97C009F8269 /* Montserrat-Light.otf in Resources */ = {isa = PBXBuildFile; fileRef = 1821A8E32000E97C009F8269 /* Montserrat-Light.otf */; };
		1821A9092000E97C009F8269 /* MontserratAlternates-Light.otf in Resources */ = {isa = PBXBuildFile; fileRef = 1821A8E42000E97C009F8269 /* MontserratAlternates-Light.otf */; };
		1821A90A2000E97C009F8269 /* MontserratAlternates-MediumItalic.otf in Resources */ = {isa = PBXBuildFile; fileRef = 1821A8E52000E97C009F8269 /* MontserratAlternates-MediumItalic.otf */; };
		1821A90B2000E97C009F8269 /* Montserrat-SemiBoldItalic.otf in Resources */ = {isa = PBXBuildFile; fileRef = 1821A8E62000E97C009F8269 /* Montserrat-SemiBoldItalic.otf */; };
		1821A90C2000E97C009F8269 /* MontserratAlternates-SemiBoldItalic.otf in Resources */ = {isa = PBXBuildFile; fileRef = 1821A8E72000E97C009F8269 /* MontserratAlternates-SemiBoldItalic.otf */; };
		1821A9122000E9DC009F8269 /* CustomNavigation_iPad.xib in Resources */ = {isa = PBXBuildFile; fileRef = 1821A90E2000E9DC009F8269 /* CustomNavigation_iPad.xib */; };
		1821A9132000E9DC009F8269 /* CustomNavigation.m in Sources */ = {isa = PBXBuildFile; fileRef = 1821A90F2000E9DC009F8269 /* CustomNavigation.m */; };
		1821A9142000E9DC009F8269 /* CustomNavigation_iPhone.xib in Resources */ = {isa = PBXBuildFile; fileRef = 1821A9112000E9DC009F8269 /* CustomNavigation_iPhone.xib */; };
		1821A95C2000F285009F8269 /* PlayerSelectorVC.m in Sources */ = {isa = PBXBuildFile; fileRef = 1821A95B2000F285009F8269 /* PlayerSelectorVC.m */; };
		1821A95F2000F29B009F8269 /* PlayerStatsVC.m in Sources */ = {isa = PBXBuildFile; fileRef = 1821A95E2000F29B009F8269 /* PlayerStatsVC.m */; };
		187832A6200361E400F8A156 /* AppCommon.m in Sources */ = {isa = PBXBuildFile; fileRef = 187832A4200361E300F8A156 /* AppCommon.m */; };
		187832AA2003625300F8A156 /* Reachability.m in Sources */ = {isa = PBXBuildFile; fileRef = 187832A82003625300F8A156 /* Reachability.m */; };
		187832AE20038CB000F8A156 /* PlayerListTableViewCell.xib in Resources */ = {isa = PBXBuildFile; fileRef = 187832AB20038CB000F8A156 /* PlayerListTableViewCell.xib */; };
		187832AF20038CB000F8A156 /* PlayerListTableViewCell.m in Sources */ = {isa = PBXBuildFile; fileRef = 187832AC20038CB000F8A156 /* PlayerListTableViewCell.m */; };
		187F5C6C1FFF944600970319 /* AppDelegate.m in Sources */ = {isa = PBXBuildFile; fileRef = 187F5C6B1FFF944600970319 /* AppDelegate.m */; };
		187F5C721FFF944600970319 /* Main.storyboard in Resources */ = {isa = PBXBuildFile; fileRef = 187F5C701FFF944600970319 /* Main.storyboard */; };
		187F5C741FFF944600970319 /* Assets.xcassets in Resources */ = {isa = PBXBuildFile; fileRef = 187F5C731FFF944600970319 /* Assets.xcassets */; };
		187F5C771FFF944600970319 /* LaunchScreen.storyboard in Resources */ = {isa = PBXBuildFile; fileRef = 187F5C751FFF944600970319 /* LaunchScreen.storyboard */; };
		187F5C7A1FFF944600970319 /* main.m in Sources */ = {isa = PBXBuildFile; fileRef = 187F5C791FFF944600970319 /* main.m */; };
		1893D7B22004F8F10048CCF1 /* HACBarChart.m in Sources */ = {isa = PBXBuildFile; fileRef = 1893D7AF2004F8F00048CCF1 /* HACBarChart.m */; };
		1893D7B32004F8F10048CCF1 /* HACBarLayer.m in Sources */ = {isa = PBXBuildFile; fileRef = 1893D7B02004F8F00048CCF1 /* HACBarLayer.m */; };
		1893D7B82004F91D0048CCF1 /* MCBarChartView.m in Sources */ = {isa = PBXBuildFile; fileRef = 1893D7B62004F91D0048CCF1 /* MCBarChartView.m */; };
		1893D7B92004F91D0048CCF1 /* MCChartInformationView.m in Sources */ = {isa = PBXBuildFile; fileRef = 1893D7B72004F91D0048CCF1 /* MCChartInformationView.m */; };
		CE0C7DFA2002267200A53371 /* CustomButton.m in Sources */ = {isa = PBXBuildFile; fileRef = CE0C7DF72002267200A53371 /* CustomButton.m */; };
		CE2993DF2005D247003781EC /* ExpendedView.m in Sources */ = {isa = PBXBuildFile; fileRef = CE2993DB2005D247003781EC /* ExpendedView.m */; };
		CE2993E02005D247003781EC /* SeachView.m in Sources */ = {isa = PBXBuildFile; fileRef = CE2993DE2005D247003781EC /* SeachView.m */; };
		CE91AAA720A1C07A00DBA042 /* DetailCell.m in Sources */ = {isa = PBXBuildFile; fileRef = CE91AAA620A1C07A00DBA042 /* DetailCell.m */; };
		CE91AAAF20A1C3BF00DBA042 /* PlayerListCollectionViewCell.m in Sources */ = {isa = PBXBuildFile; fileRef = CE91AAAC20A1C3BF00DBA042 /* PlayerListCollectionViewCell.m */; };
		CE91AAB020A1C3BF00DBA042 /* PlayerListCollectionViewCell.xib in Resources */ = {isa = PBXBuildFile; fileRef = CE91AAAD20A1C3BF00DBA042 /* PlayerListCollectionViewCell.xib */; };
		CE91AAB320A1C49200DBA042 /* BowlerCell.m in Sources */ = {isa = PBXBuildFile; fileRef = CE91AAB220A1C49200DBA042 /* BowlerCell.m */; };
		CE91AAC220A1C4E100DBA042 /* DateValueFormatter.m in Sources */ = {isa = PBXBuildFile; fileRef = CE91AAB620A1C4E000DBA042 /* DateValueFormatter.m */; };
		CE91AAC320A1C4E100DBA042 /* DayAxisValueFormatter.m in Sources */ = {isa = PBXBuildFile; fileRef = CE91AAB820A1C4E000DBA042 /* DayAxisValueFormatter.m */; };
		CE91AAC420A1C4E100DBA042 /* HorizontalXLblFormatter.m in Sources */ = {isa = PBXBuildFile; fileRef = CE91AABA20A1C4E000DBA042 /* HorizontalXLblFormatter.m */; };
		CE91AAC520A1C4E100DBA042 /* IntAxisValueFormatter.m in Sources */ = {isa = PBXBuildFile; fileRef = CE91AABC20A1C4E000DBA042 /* IntAxisValueFormatter.m */; };
		CE91AAC620A1C4E100DBA042 /* LargeValueFormatter.swift in Sources */ = {isa = PBXBuildFile; fileRef = CE91AABD20A1C4E000DBA042 /* LargeValueFormatter.swift */; };
		CE91AAC720A1C4E100DBA042 /* BalloonMarker.swift in Sources */ = {isa = PBXBuildFile; fileRef = CE91AABF20A1C4E100DBA042 /* BalloonMarker.swift */; };
		CE91AAC820A1C4E100DBA042 /* RadarMarkerView.swift in Sources */ = {isa = PBXBuildFile; fileRef = CE91AAC020A1C4E100DBA042 /* RadarMarkerView.swift */; };
		CE91AAC920A1C4E100DBA042 /* XYMarkerView.swift in Sources */ = {isa = PBXBuildFile; fileRef = CE91AAC120A1C4E100DBA042 /* XYMarkerView.swift */; };
		CE9E8DFF20A4202A00B519D6 /* CustomCollectionViewLayout.m in Sources */ = {isa = PBXBuildFile; fileRef = CE9E8DFD20A4202900B519D6 /* CustomCollectionViewLayout.m */; };
		CE9E8E0020A4202A00B519D6 /* CustomCollectionViewLayout1.swift in Sources */ = {isa = PBXBuildFile; fileRef = CE9E8DFE20A4202900B519D6 /* CustomCollectionViewLayout1.swift */; };
		CEC52AE620B2A4D900CF80CF /* LoginVC.m in Sources */ = {isa = PBXBuildFile; fileRef = CEC52AE420B2A4D900CF80CF /* LoginVC.m */; };
		CEC52AE720B2A4D900CF80CF /* LoginVC.xib in Resources */ = {isa = PBXBuildFile; fileRef = CEC52AE520B2A4D900CF80CF /* LoginVC.xib */; };
		D26F577458E341244586FA48 /* Pods_SportsStats.framework in Frameworks */ = {isa = PBXBuildFile; fileRef = 232E1BAC40EF0415C421597D /* Pods_SportsStats.framework */; };
/* End PBXBuildFile section */

/* Begin PBXFileReference section */
		1821A8BF2000E905009F8269 /* Config.h */ = {isa = PBXFileReference; fileEncoding = 4; lastKnownFileType = sourcecode.c.h; path = Config.h; sourceTree = "<group>"; };
		1821A8C02000E928009F8269 /* WebService.h */ = {isa = PBXFileReference; fileEncoding = 4; lastKnownFileType = sourcecode.c.h; path = WebService.h; sourceTree = "<group>"; };
		1821A8C12000E928009F8269 /* WebService.m */ = {isa = PBXFileReference; fileEncoding = 4; lastKnownFileType = sourcecode.c.objc; path = WebService.m; sourceTree = "<group>"; };
		1821A8C32000E979009F8269 /* Montserrat-Black.otf */ = {isa = PBXFileReference; lastKnownFileType = file; path = "Montserrat-Black.otf"; sourceTree = "<group>"; };
		1821A8C42000E979009F8269 /* MontserratAlternates-BoldItalic.otf */ = {isa = PBXFileReference; lastKnownFileType = file; path = "MontserratAlternates-BoldItalic.otf"; sourceTree = "<group>"; };
		1821A8C52000E979009F8269 /* MontserratAlternates-Thin.otf */ = {isa = PBXFileReference; lastKnownFileType = file; path = "MontserratAlternates-Thin.otf"; sourceTree = "<group>"; };
		1821A8C62000E979009F8269 /* Montserrat-Medium.otf */ = {isa = PBXFileReference; lastKnownFileType = file; path = "Montserrat-Medium.otf"; sourceTree = "<group>"; };
		1821A8C72000E979009F8269 /* Montserrat-BoldItalic.otf */ = {isa = PBXFileReference; lastKnownFileType = file; path = "Montserrat-BoldItalic.otf"; sourceTree = "<group>"; };
		1821A8C82000E979009F8269 /* Montserrat-ExtraBold.otf */ = {isa = PBXFileReference; lastKnownFileType = file; path = "Montserrat-ExtraBold.otf"; sourceTree = "<group>"; };
		1821A8C92000E979009F8269 /* Montserrat-Regular.otf */ = {isa = PBXFileReference; lastKnownFileType = file; path = "Montserrat-Regular.otf"; sourceTree = "<group>"; };
		1821A8CA2000E979009F8269 /* MontserratAlternates-ExtraBold.otf */ = {isa = PBXFileReference; lastKnownFileType = file; path = "MontserratAlternates-ExtraBold.otf"; sourceTree = "<group>"; };
		1821A8CB2000E979009F8269 /* Montserrat-ExtraLight.otf */ = {isa = PBXFileReference; lastKnownFileType = file; path = "Montserrat-ExtraLight.otf"; sourceTree = "<group>"; };
		1821A8CC2000E979009F8269 /* MontserratAlternates-Regular.otf */ = {isa = PBXFileReference; lastKnownFileType = file; path = "MontserratAlternates-Regular.otf"; sourceTree = "<group>"; };
		1821A8CD2000E979009F8269 /* MontserratAlternates-Black.otf */ = {isa = PBXFileReference; lastKnownFileType = file; path = "MontserratAlternates-Black.otf"; sourceTree = "<group>"; };
		1821A8CE2000E979009F8269 /* MontserratAlternates-ExtraBoldItalic.otf */ = {isa = PBXFileReference; lastKnownFileType = file; path = "MontserratAlternates-ExtraBoldItalic.otf"; sourceTree = "<group>"; };
		1821A8CF2000E979009F8269 /* MontserratAlternates-SemiBold.otf */ = {isa = PBXFileReference; lastKnownFileType = file; path = "MontserratAlternates-SemiBold.otf"; sourceTree = "<group>"; };
		1821A8D02000E979009F8269 /* MontserratAlternates-ExtraLight.otf */ = {isa = PBXFileReference; lastKnownFileType = file; path = "MontserratAlternates-ExtraLight.otf"; sourceTree = "<group>"; };
		1821A8D12000E97A009F8269 /* MontserratAlternates-Italic.otf */ = {isa = PBXFileReference; lastKnownFileType = file; path = "MontserratAlternates-Italic.otf"; sourceTree = "<group>"; };
		1821A8D22000E97A009F8269 /* MontserratAlternates-Medium.otf */ = {isa = PBXFileReference; lastKnownFileType = file; path = "MontserratAlternates-Medium.otf"; sourceTree = "<group>"; };
		1821A8D32000E97A009F8269 /* Montserrat-Italic.otf */ = {isa = PBXFileReference; lastKnownFileType = file; path = "Montserrat-Italic.otf"; sourceTree = "<group>"; };
		1821A8D42000E97A009F8269 /* SIL Open Font License.txt */ = {isa = PBXFileReference; fileEncoding = 4; lastKnownFileType = text; path = "SIL Open Font License.txt"; sourceTree = "<group>"; };
		1821A8D52000E97A009F8269 /* Montserrat-ExtraBoldItalic.otf */ = {isa = PBXFileReference; lastKnownFileType = file; path = "Montserrat-ExtraBoldItalic.otf"; sourceTree = "<group>"; };
		1821A8D62000E97A009F8269 /* Montserrat-ThinItalic.otf */ = {isa = PBXFileReference; lastKnownFileType = file; path = "Montserrat-ThinItalic.otf"; sourceTree = "<group>"; };
		1821A8D72000E97A009F8269 /* Montserrat-ExtraLightItalic.otf */ = {isa = PBXFileReference; lastKnownFileType = file; path = "Montserrat-ExtraLightItalic.otf"; sourceTree = "<group>"; };
		1821A8D82000E97A009F8269 /* Montserrat-MediumItalic.otf */ = {isa = PBXFileReference; lastKnownFileType = file; path = "Montserrat-MediumItalic.otf"; sourceTree = "<group>"; };
		1821A8D92000E97A009F8269 /* MontserratAlternates-Bold.otf */ = {isa = PBXFileReference; lastKnownFileType = file; path = "MontserratAlternates-Bold.otf"; sourceTree = "<group>"; };
		1821A8DA2000E97B009F8269 /* Montserrat-Thin.otf */ = {isa = PBXFileReference; lastKnownFileType = file; path = "Montserrat-Thin.otf"; sourceTree = "<group>"; };
		1821A8DB2000E97B009F8269 /* Montserrat-Bold.otf */ = {isa = PBXFileReference; lastKnownFileType = file; path = "Montserrat-Bold.otf"; sourceTree = "<group>"; };
		1821A8DC2000E97B009F8269 /* Montserrat-BlackItalic.otf */ = {isa = PBXFileReference; lastKnownFileType = file; path = "Montserrat-BlackItalic.otf"; sourceTree = "<group>"; };
		1821A8DD2000E97B009F8269 /* Montserrat-LightItalic.otf */ = {isa = PBXFileReference; lastKnownFileType = file; path = "Montserrat-LightItalic.otf"; sourceTree = "<group>"; };
		1821A8DE2000E97B009F8269 /* MontserratAlternates-BlackItalic.otf */ = {isa = PBXFileReference; lastKnownFileType = file; path = "MontserratAlternates-BlackItalic.otf"; sourceTree = "<group>"; };
		1821A8DF2000E97B009F8269 /* MontserratAlternates-LightItalic.otf */ = {isa = PBXFileReference; lastKnownFileType = file; path = "MontserratAlternates-LightItalic.otf"; sourceTree = "<group>"; };
		1821A8E02000E97B009F8269 /* Montserrat-SemiBold.otf */ = {isa = PBXFileReference; lastKnownFileType = file; path = "Montserrat-SemiBold.otf"; sourceTree = "<group>"; };
		1821A8E12000E97B009F8269 /* MontserratAlternates-ExtraLightItalic.otf */ = {isa = PBXFileReference; lastKnownFileType = file; path = "MontserratAlternates-ExtraLightItalic.otf"; sourceTree = "<group>"; };
		1821A8E22000E97C009F8269 /* MontserratAlternates-ThinItalic.otf */ = {isa = PBXFileReference; lastKnownFileType = file; path = "MontserratAlternates-ThinItalic.otf"; sourceTree = "<group>"; };
		1821A8E32000E97C009F8269 /* Montserrat-Light.otf */ = {isa = PBXFileReference; lastKnownFileType = file; path = "Montserrat-Light.otf"; sourceTree = "<group>"; };
		1821A8E42000E97C009F8269 /* MontserratAlternates-Light.otf */ = {isa = PBXFileReference; lastKnownFileType = file; path = "MontserratAlternates-Light.otf"; sourceTree = "<group>"; };
		1821A8E52000E97C009F8269 /* MontserratAlternates-MediumItalic.otf */ = {isa = PBXFileReference; lastKnownFileType = file; path = "MontserratAlternates-MediumItalic.otf"; sourceTree = "<group>"; };
		1821A8E62000E97C009F8269 /* Montserrat-SemiBoldItalic.otf */ = {isa = PBXFileReference; lastKnownFileType = file; path = "Montserrat-SemiBoldItalic.otf"; sourceTree = "<group>"; };
		1821A8E72000E97C009F8269 /* MontserratAlternates-SemiBoldItalic.otf */ = {isa = PBXFileReference; lastKnownFileType = file; path = "MontserratAlternates-SemiBoldItalic.otf"; sourceTree = "<group>"; };
		1821A90E2000E9DC009F8269 /* CustomNavigation_iPad.xib */ = {isa = PBXFileReference; fileEncoding = 4; lastKnownFileType = file.xib; path = CustomNavigation_iPad.xib; sourceTree = "<group>"; };
		1821A90F2000E9DC009F8269 /* CustomNavigation.m */ = {isa = PBXFileReference; fileEncoding = 4; lastKnownFileType = sourcecode.c.objc; path = CustomNavigation.m; sourceTree = "<group>"; };
		1821A9102000E9DC009F8269 /* CustomNavigation.h */ = {isa = PBXFileReference; fileEncoding = 4; lastKnownFileType = sourcecode.c.h; path = CustomNavigation.h; sourceTree = "<group>"; };
		1821A9112000E9DC009F8269 /* CustomNavigation_iPhone.xib */ = {isa = PBXFileReference; fileEncoding = 4; lastKnownFileType = file.xib; path = CustomNavigation_iPhone.xib; sourceTree = "<group>"; };
		1821A95A2000F285009F8269 /* PlayerSelectorVC.h */ = {isa = PBXFileReference; lastKnownFileType = sourcecode.c.h; path = PlayerSelectorVC.h; sourceTree = "<group>"; };
		1821A95B2000F285009F8269 /* PlayerSelectorVC.m */ = {isa = PBXFileReference; lastKnownFileType = sourcecode.c.objc; path = PlayerSelectorVC.m; sourceTree = "<group>"; };
		1821A95D2000F29B009F8269 /* PlayerStatsVC.h */ = {isa = PBXFileReference; lastKnownFileType = sourcecode.c.h; path = PlayerStatsVC.h; sourceTree = "<group>"; };
		1821A95E2000F29B009F8269 /* PlayerStatsVC.m */ = {isa = PBXFileReference; lastKnownFileType = sourcecode.c.objc; path = PlayerStatsVC.m; sourceTree = "<group>"; };
		187832A4200361E300F8A156 /* AppCommon.m */ = {isa = PBXFileReference; fileEncoding = 4; lastKnownFileType = sourcecode.c.objc; path = AppCommon.m; sourceTree = "<group>"; };
		187832A5200361E300F8A156 /* AppCommon.h */ = {isa = PBXFileReference; fileEncoding = 4; lastKnownFileType = sourcecode.c.h; path = AppCommon.h; sourceTree = "<group>"; };
		187832A82003625300F8A156 /* Reachability.m */ = {isa = PBXFileReference; fileEncoding = 4; lastKnownFileType = sourcecode.c.objc; path = Reachability.m; sourceTree = "<group>"; };
		187832A92003625300F8A156 /* Reachability.h */ = {isa = PBXFileReference; fileEncoding = 4; lastKnownFileType = sourcecode.c.h; path = Reachability.h; sourceTree = "<group>"; };
		187832AB20038CB000F8A156 /* PlayerListTableViewCell.xib */ = {isa = PBXFileReference; fileEncoding = 4; lastKnownFileType = file.xib; path = PlayerListTableViewCell.xib; sourceTree = "<group>"; };
		187832AC20038CB000F8A156 /* PlayerListTableViewCell.m */ = {isa = PBXFileReference; fileEncoding = 4; lastKnownFileType = sourcecode.c.objc; path = PlayerListTableViewCell.m; sourceTree = "<group>"; };
		187832AD20038CB000F8A156 /* PlayerListTableViewCell.h */ = {isa = PBXFileReference; fileEncoding = 4; lastKnownFileType = sourcecode.c.h; path = PlayerListTableViewCell.h; sourceTree = "<group>"; };
		187F5C671FFF944600970319 /* SportsStats.app */ = {isa = PBXFileReference; explicitFileType = wrapper.application; includeInIndex = 0; path = SportsStats.app; sourceTree = BUILT_PRODUCTS_DIR; };
		187F5C6A1FFF944600970319 /* AppDelegate.h */ = {isa = PBXFileReference; lastKnownFileType = sourcecode.c.h; path = AppDelegate.h; sourceTree = "<group>"; };
		187F5C6B1FFF944600970319 /* AppDelegate.m */ = {isa = PBXFileReference; lastKnownFileType = sourcecode.c.objc; path = AppDelegate.m; sourceTree = "<group>"; };
		187F5C711FFF944600970319 /* Base */ = {isa = PBXFileReference; lastKnownFileType = file.storyboard; name = Base; path = Base.lproj/Main.storyboard; sourceTree = "<group>"; };
		187F5C731FFF944600970319 /* Assets.xcassets */ = {isa = PBXFileReference; lastKnownFileType = folder.assetcatalog; path = Assets.xcassets; sourceTree = "<group>"; };
		187F5C761FFF944600970319 /* Base */ = {isa = PBXFileReference; lastKnownFileType = file.storyboard; name = Base; path = Base.lproj/LaunchScreen.storyboard; sourceTree = "<group>"; };
		187F5C781FFF944600970319 /* Info.plist */ = {isa = PBXFileReference; lastKnownFileType = text.plist.xml; path = Info.plist; sourceTree = "<group>"; };
		187F5C791FFF944600970319 /* main.m */ = {isa = PBXFileReference; lastKnownFileType = sourcecode.c.objc; path = main.m; sourceTree = "<group>"; };
		1893D7AE2004F8F00048CCF1 /* HACBarChart.h */ = {isa = PBXFileReference; fileEncoding = 4; lastKnownFileType = sourcecode.c.h; path = HACBarChart.h; sourceTree = "<group>"; };
		1893D7AF2004F8F00048CCF1 /* HACBarChart.m */ = {isa = PBXFileReference; fileEncoding = 4; lastKnownFileType = sourcecode.c.objc; path = HACBarChart.m; sourceTree = "<group>"; };
		1893D7B02004F8F00048CCF1 /* HACBarLayer.m */ = {isa = PBXFileReference; fileEncoding = 4; lastKnownFileType = sourcecode.c.objc; path = HACBarLayer.m; sourceTree = "<group>"; };
		1893D7B12004F8F10048CCF1 /* HACBarLayer.h */ = {isa = PBXFileReference; fileEncoding = 4; lastKnownFileType = sourcecode.c.h; path = HACBarLayer.h; sourceTree = "<group>"; };
		1893D7B42004F91D0048CCF1 /* MCBarChartView.h */ = {isa = PBXFileReference; fileEncoding = 4; lastKnownFileType = sourcecode.c.h; path = MCBarChartView.h; sourceTree = "<group>"; };
		1893D7B52004F91D0048CCF1 /* MCChartInformationView.h */ = {isa = PBXFileReference; fileEncoding = 4; lastKnownFileType = sourcecode.c.h; path = MCChartInformationView.h; sourceTree = "<group>"; };
		1893D7B62004F91D0048CCF1 /* MCBarChartView.m */ = {isa = PBXFileReference; fileEncoding = 4; lastKnownFileType = sourcecode.c.objc; path = MCBarChartView.m; sourceTree = "<group>"; };
		1893D7B72004F91D0048CCF1 /* MCChartInformationView.m */ = {isa = PBXFileReference; fileEncoding = 4; lastKnownFileType = sourcecode.c.objc; path = MCChartInformationView.m; sourceTree = "<group>"; };
		232E1BAC40EF0415C421597D /* Pods_SportsStats.framework */ = {isa = PBXFileReference; explicitFileType = wrapper.framework; includeInIndex = 0; path = Pods_SportsStats.framework; sourceTree = BUILT_PRODUCTS_DIR; };
		756E200640A36208B531C9EA /* Pods-SportsStats.release.xcconfig */ = {isa = PBXFileReference; includeInIndex = 1; lastKnownFileType = text.xcconfig; name = "Pods-SportsStats.release.xcconfig"; path = "Pods/Target Support Files/Pods-SportsStats/Pods-SportsStats.release.xcconfig"; sourceTree = "<group>"; };
		CE0C7DF62002267200A53371 /* CustomButton.h */ = {isa = PBXFileReference; fileEncoding = 4; lastKnownFileType = sourcecode.c.h; path = CustomButton.h; sourceTree = "<group>"; };
		CE0C7DF72002267200A53371 /* CustomButton.m */ = {isa = PBXFileReference; fileEncoding = 4; lastKnownFileType = sourcecode.c.objc; path = CustomButton.m; sourceTree = "<group>"; };
		CE2993DA2005D247003781EC /* ExpendedView.h */ = {isa = PBXFileReference; fileEncoding = 4; lastKnownFileType = sourcecode.c.h; path = ExpendedView.h; sourceTree = "<group>"; };
		CE2993DB2005D247003781EC /* ExpendedView.m */ = {isa = PBXFileReference; fileEncoding = 4; lastKnownFileType = sourcecode.c.objc; path = ExpendedView.m; sourceTree = "<group>"; };
		CE2993DD2005D247003781EC /* SeachView.h */ = {isa = PBXFileReference; fileEncoding = 4; lastKnownFileType = sourcecode.c.h; path = SeachView.h; sourceTree = "<group>"; };
		CE2993DE2005D247003781EC /* SeachView.m */ = {isa = PBXFileReference; fileEncoding = 4; lastKnownFileType = sourcecode.c.objc; path = SeachView.m; sourceTree = "<group>"; };
		CE91AAA520A1C07A00DBA042 /* DetailCell.h */ = {isa = PBXFileReference; fileEncoding = 4; lastKnownFileType = sourcecode.c.h; path = DetailCell.h; sourceTree = "<group>"; };
		CE91AAA620A1C07A00DBA042 /* DetailCell.m */ = {isa = PBXFileReference; fileEncoding = 4; lastKnownFileType = sourcecode.c.objc; path = DetailCell.m; sourceTree = "<group>"; };
		CE91AAAB20A1C3BF00DBA042 /* PlayerListCollectionViewCell.h */ = {isa = PBXFileReference; fileEncoding = 4; lastKnownFileType = sourcecode.c.h; path = PlayerListCollectionViewCell.h; sourceTree = "<group>"; };
		CE91AAAC20A1C3BF00DBA042 /* PlayerListCollectionViewCell.m */ = {isa = PBXFileReference; fileEncoding = 4; lastKnownFileType = sourcecode.c.objc; path = PlayerListCollectionViewCell.m; sourceTree = "<group>"; };
		CE91AAAD20A1C3BF00DBA042 /* PlayerListCollectionViewCell.xib */ = {isa = PBXFileReference; fileEncoding = 4; lastKnownFileType = file.xib; path = PlayerListCollectionViewCell.xib; sourceTree = "<group>"; };
		CE91AAB120A1C49100DBA042 /* BowlerCell.h */ = {isa = PBXFileReference; fileEncoding = 4; lastKnownFileType = sourcecode.c.h; path = BowlerCell.h; sourceTree = "<group>"; };
		CE91AAB220A1C49200DBA042 /* BowlerCell.m */ = {isa = PBXFileReference; fileEncoding = 4; lastKnownFileType = sourcecode.c.objc; path = BowlerCell.m; sourceTree = "<group>"; };
		CE91AAB520A1C4E000DBA042 /* DateValueFormatter.h */ = {isa = PBXFileReference; fileEncoding = 4; lastKnownFileType = sourcecode.c.h; path = DateValueFormatter.h; sourceTree = "<group>"; };
		CE91AAB620A1C4E000DBA042 /* DateValueFormatter.m */ = {isa = PBXFileReference; fileEncoding = 4; lastKnownFileType = sourcecode.c.objc; path = DateValueFormatter.m; sourceTree = "<group>"; };
		CE91AAB720A1C4E000DBA042 /* DayAxisValueFormatter.h */ = {isa = PBXFileReference; fileEncoding = 4; lastKnownFileType = sourcecode.c.h; path = DayAxisValueFormatter.h; sourceTree = "<group>"; };
		CE91AAB820A1C4E000DBA042 /* DayAxisValueFormatter.m */ = {isa = PBXFileReference; fileEncoding = 4; lastKnownFileType = sourcecode.c.objc; path = DayAxisValueFormatter.m; sourceTree = "<group>"; };
		CE91AAB920A1C4E000DBA042 /* HorizontalXLblFormatter.h */ = {isa = PBXFileReference; fileEncoding = 4; lastKnownFileType = sourcecode.c.h; path = HorizontalXLblFormatter.h; sourceTree = "<group>"; };
		CE91AABA20A1C4E000DBA042 /* HorizontalXLblFormatter.m */ = {isa = PBXFileReference; fileEncoding = 4; lastKnownFileType = sourcecode.c.objc; path = HorizontalXLblFormatter.m; sourceTree = "<group>"; };
		CE91AABB20A1C4E000DBA042 /* IntAxisValueFormatter.h */ = {isa = PBXFileReference; fileEncoding = 4; lastKnownFileType = sourcecode.c.h; path = IntAxisValueFormatter.h; sourceTree = "<group>"; };
		CE91AABC20A1C4E000DBA042 /* IntAxisValueFormatter.m */ = {isa = PBXFileReference; fileEncoding = 4; lastKnownFileType = sourcecode.c.objc; path = IntAxisValueFormatter.m; sourceTree = "<group>"; };
		CE91AABD20A1C4E000DBA042 /* LargeValueFormatter.swift */ = {isa = PBXFileReference; fileEncoding = 4; lastKnownFileType = sourcecode.swift; path = LargeValueFormatter.swift; sourceTree = "<group>"; };
		CE91AABF20A1C4E100DBA042 /* BalloonMarker.swift */ = {isa = PBXFileReference; fileEncoding = 4; lastKnownFileType = sourcecode.swift; path = BalloonMarker.swift; sourceTree = "<group>"; };
		CE91AAC020A1C4E100DBA042 /* RadarMarkerView.swift */ = {isa = PBXFileReference; fileEncoding = 4; lastKnownFileType = sourcecode.swift; path = RadarMarkerView.swift; sourceTree = "<group>"; };
		CE91AAC120A1C4E100DBA042 /* XYMarkerView.swift */ = {isa = PBXFileReference; fileEncoding = 4; lastKnownFileType = sourcecode.swift; path = XYMarkerView.swift; sourceTree = "<group>"; };
		CE9E8DFC20A4202900B519D6 /* CustomCollectionViewLayout.h */ = {isa = PBXFileReference; fileEncoding = 4; lastKnownFileType = sourcecode.c.h; path = CustomCollectionViewLayout.h; sourceTree = "<group>"; };
		CE9E8DFD20A4202900B519D6 /* CustomCollectionViewLayout.m */ = {isa = PBXFileReference; fileEncoding = 4; lastKnownFileType = sourcecode.c.objc; path = CustomCollectionViewLayout.m; sourceTree = "<group>"; };
		CE9E8DFE20A4202900B519D6 /* CustomCollectionViewLayout1.swift */ = {isa = PBXFileReference; fileEncoding = 4; lastKnownFileType = sourcecode.swift; path = CustomCollectionViewLayout1.swift; sourceTree = "<group>"; };
		CEC52AE320B2A4D900CF80CF /* LoginVC.h */ = {isa = PBXFileReference; fileEncoding = 4; lastKnownFileType = sourcecode.c.h; path = LoginVC.h; sourceTree = "<group>"; };
		CEC52AE420B2A4D900CF80CF /* LoginVC.m */ = {isa = PBXFileReference; fileEncoding = 4; lastKnownFileType = sourcecode.c.objc; path = LoginVC.m; sourceTree = "<group>"; };
		CEC52AE520B2A4D900CF80CF /* LoginVC.xib */ = {isa = PBXFileReference; fileEncoding = 4; lastKnownFileType = file.xib; path = LoginVC.xib; sourceTree = "<group>"; };
		CF99D1CD0E6CE8A891638D5B /* Pods-SportsStats.debug.xcconfig */ = {isa = PBXFileReference; includeInIndex = 1; lastKnownFileType = text.xcconfig; name = "Pods-SportsStats.debug.xcconfig"; path = "Pods/Target Support Files/Pods-SportsStats/Pods-SportsStats.debug.xcconfig"; sourceTree = "<group>"; };
/* End PBXFileReference section */

/* Begin PBXFrameworksBuildPhase section */
		187F5C641FFF944600970319 /* Frameworks */ = {
			isa = PBXFrameworksBuildPhase;
			buildActionMask = 2147483647;
			files = (
				D26F577458E341244586FA48 /* Pods_SportsStats.framework in Frameworks */,
			);
			runOnlyForDeploymentPostprocessing = 0;
		};
/* End PBXFrameworksBuildPhase section */

/* Begin PBXGroup section */
		13F1796F742064ACED400C92 /* Pods */ = {
			isa = PBXGroup;
			children = (
				CF99D1CD0E6CE8A891638D5B /* Pods-SportsStats.debug.xcconfig */,
				756E200640A36208B531C9EA /* Pods-SportsStats.release.xcconfig */,
			);
			name = Pods;
			sourceTree = "<group>";
		};
		1821A8BC2000E820009F8269 /* Font */ = {
			isa = PBXGroup;
			children = (
				1821A8C32000E979009F8269 /* Montserrat-Black.otf */,
				1821A8DC2000E97B009F8269 /* Montserrat-BlackItalic.otf */,
				1821A8DB2000E97B009F8269 /* Montserrat-Bold.otf */,
				1821A8C72000E979009F8269 /* Montserrat-BoldItalic.otf */,
				1821A8C82000E979009F8269 /* Montserrat-ExtraBold.otf */,
				1821A8D52000E97A009F8269 /* Montserrat-ExtraBoldItalic.otf */,
				1821A8CB2000E979009F8269 /* Montserrat-ExtraLight.otf */,
				1821A8D72000E97A009F8269 /* Montserrat-ExtraLightItalic.otf */,
				1821A8D32000E97A009F8269 /* Montserrat-Italic.otf */,
				1821A8E32000E97C009F8269 /* Montserrat-Light.otf */,
				1821A8DD2000E97B009F8269 /* Montserrat-LightItalic.otf */,
				1821A8C62000E979009F8269 /* Montserrat-Medium.otf */,
				1821A8D82000E97A009F8269 /* Montserrat-MediumItalic.otf */,
				1821A8C92000E979009F8269 /* Montserrat-Regular.otf */,
				1821A8E02000E97B009F8269 /* Montserrat-SemiBold.otf */,
				1821A8E62000E97C009F8269 /* Montserrat-SemiBoldItalic.otf */,
				1821A8DA2000E97B009F8269 /* Montserrat-Thin.otf */,
				1821A8D62000E97A009F8269 /* Montserrat-ThinItalic.otf */,
				1821A8CD2000E979009F8269 /* MontserratAlternates-Black.otf */,
				1821A8DE2000E97B009F8269 /* MontserratAlternates-BlackItalic.otf */,
				1821A8D92000E97A009F8269 /* MontserratAlternates-Bold.otf */,
				1821A8C42000E979009F8269 /* MontserratAlternates-BoldItalic.otf */,
				1821A8CA2000E979009F8269 /* MontserratAlternates-ExtraBold.otf */,
				1821A8CE2000E979009F8269 /* MontserratAlternates-ExtraBoldItalic.otf */,
				1821A8D02000E979009F8269 /* MontserratAlternates-ExtraLight.otf */,
				1821A8E12000E97B009F8269 /* MontserratAlternates-ExtraLightItalic.otf */,
				1821A8D12000E97A009F8269 /* MontserratAlternates-Italic.otf */,
				1821A8E42000E97C009F8269 /* MontserratAlternates-Light.otf */,
				1821A8DF2000E97B009F8269 /* MontserratAlternates-LightItalic.otf */,
				1821A8D22000E97A009F8269 /* MontserratAlternates-Medium.otf */,
				1821A8E52000E97C009F8269 /* MontserratAlternates-MediumItalic.otf */,
				1821A8CC2000E979009F8269 /* MontserratAlternates-Regular.otf */,
				1821A8CF2000E979009F8269 /* MontserratAlternates-SemiBold.otf */,
				1821A8E72000E97C009F8269 /* MontserratAlternates-SemiBoldItalic.otf */,
				1821A8C52000E979009F8269 /* MontserratAlternates-Thin.otf */,
				1821A8E22000E97C009F8269 /* MontserratAlternates-ThinItalic.otf */,
				1821A8D42000E97A009F8269 /* SIL Open Font License.txt */,
			);
			path = Font;
			sourceTree = "<group>";
		};
		1821A8BD2000E88B009F8269 /* Webservice */ = {
			isa = PBXGroup;
			children = (
				1821A8C02000E928009F8269 /* WebService.h */,
				1821A8C12000E928009F8269 /* WebService.m */,
			);
			path = Webservice;
			sourceTree = "<group>";
		};
		1821A8BE2000E8AF009F8269 /* Config */ = {
			isa = PBXGroup;
			children = (
				1821A8BF2000E905009F8269 /* Config.h */,
			);
			path = Config;
			sourceTree = "<group>";
		};
		1821A90D2000E9A1009F8269 /* CustomNavigation */ = {
			isa = PBXGroup;
			children = (
				1821A90E2000E9DC009F8269 /* CustomNavigation_iPad.xib */,
				1821A9112000E9DC009F8269 /* CustomNavigation_iPhone.xib */,
				1821A9102000E9DC009F8269 /* CustomNavigation.h */,
				1821A90F2000E9DC009F8269 /* CustomNavigation.m */,
			);
			path = CustomNavigation;
			sourceTree = "<group>";
		};
		1821A9152000EAF2009F8269 /* ViewController */ = {
			isa = PBXGroup;
			children = (
				1821A95A2000F285009F8269 /* PlayerSelectorVC.h */,
				1821A95B2000F285009F8269 /* PlayerSelectorVC.m */,
				1821A95D2000F29B009F8269 /* PlayerStatsVC.h */,
				1821A95E2000F29B009F8269 /* PlayerStatsVC.m */,
			);
			path = ViewController;
			sourceTree = "<group>";
		};
		187832A32003619500F8A156 /* AppCommon */ = {
			isa = PBXGroup;
			children = (
				187832A5200361E300F8A156 /* AppCommon.h */,
				187832A4200361E300F8A156 /* AppCommon.m */,
			);
			path = AppCommon;
			sourceTree = "<group>";
		};
		187832A72003622700F8A156 /* Reachability */ = {
			isa = PBXGroup;
			children = (
				187832A92003625300F8A156 /* Reachability.h */,
				187832A82003625300F8A156 /* Reachability.m */,
			);
			path = Reachability;
			sourceTree = "<group>";
		};
		187F5C5E1FFF944600970319 = {
			isa = PBXGroup;
			children = (
				187F5C691FFF944600970319 /* SportsStats */,
				187F5C681FFF944600970319 /* Products */,
				13F1796F742064ACED400C92 /* Pods */,
				691596C590D0E7143ED79E08 /* Frameworks */,
			);
			sourceTree = "<group>";
		};
		187F5C681FFF944600970319 /* Products */ = {
			isa = PBXGroup;
			children = (
				187F5C671FFF944600970319 /* SportsStats.app */,
			);
			name = Products;
			sourceTree = "<group>";
		};
		187F5C691FFF944600970319 /* SportsStats */ = {
			isa = PBXGroup;
			children = (
				CEC52AE220B2A4D900CF80CF /* LoginVC */,
				CE91AAA820A1C3BF00DBA042 /* PlayerListCollectionViewCell */,
				1893D7AB2004F8A80048CCF1 /* Helper */,
				187832A72003622700F8A156 /* Reachability */,
				187832A32003619500F8A156 /* AppCommon */,
				CE0C7DF52002267200A53371 /* CustomButton */,
				CE0C7DF12002267200A53371 /* PlayerSelectorTVC */,
				1821A9152000EAF2009F8269 /* ViewController */,
				CE2993D82005D247003781EC /* SubView */,
				1821A90D2000E9A1009F8269 /* CustomNavigation */,
				1821A8BE2000E8AF009F8269 /* Config */,
				1821A8BD2000E88B009F8269 /* Webservice */,
				1893D7A02004F7090048CCF1 /* CustomCell */,
				1821A8BC2000E820009F8269 /* Font */,
				187F5C6A1FFF944600970319 /* AppDelegate.h */,
				187F5C6B1FFF944600970319 /* AppDelegate.m */,
				187F5C701FFF944600970319 /* Main.storyboard */,
				187F5C731FFF944600970319 /* Assets.xcassets */,
				187F5C751FFF944600970319 /* LaunchScreen.storyboard */,
				187F5C781FFF944600970319 /* Info.plist */,
				187F5C791FFF944600970319 /* main.m */,
			);
			path = SportsStats;
			sourceTree = "<group>";
		};
		1893D7A02004F7090048CCF1 /* CustomCell */ = {
			isa = PBXGroup;
			children = (
				CE91AAB120A1C49100DBA042 /* BowlerCell.h */,
				CE91AAB220A1C49200DBA042 /* BowlerCell.m */,
				CE91AAA420A1C07A00DBA042 /* ExpendCell */,
			);
			path = CustomCell;
			sourceTree = "<group>";
		};
		1893D7AB2004F8A80048CCF1 /* Helper */ = {
			isa = PBXGroup;
			children = (
				CE91AABE20A1C4E100DBA042 /* Components */,
				CE91AAB420A1C4E000DBA042 /* Formatters */,
				1893D7AD2004F8C10048CCF1 /* Vertical */,
				1893D7AC2004F8B40048CCF1 /* Horzatical */,
			);
			path = Helper;
			sourceTree = "<group>";
		};
		1893D7AC2004F8B40048CCF1 /* Horzatical */ = {
			isa = PBXGroup;
			children = (
				1893D7AE2004F8F00048CCF1 /* HACBarChart.h */,
				1893D7AF2004F8F00048CCF1 /* HACBarChart.m */,
				1893D7B12004F8F10048CCF1 /* HACBarLayer.h */,
				1893D7B02004F8F00048CCF1 /* HACBarLayer.m */,
			);
			path = Horzatical;
			sourceTree = "<group>";
		};
		1893D7AD2004F8C10048CCF1 /* Vertical */ = {
			isa = PBXGroup;
			children = (
				1893D7B42004F91D0048CCF1 /* MCBarChartView.h */,
				1893D7B62004F91D0048CCF1 /* MCBarChartView.m */,
				1893D7B52004F91D0048CCF1 /* MCChartInformationView.h */,
				1893D7B72004F91D0048CCF1 /* MCChartInformationView.m */,
			);
			path = Vertical;
			sourceTree = "<group>";
		};
		691596C590D0E7143ED79E08 /* Frameworks */ = {
			isa = PBXGroup;
			children = (
				232E1BAC40EF0415C421597D /* Pods_SportsStats.framework */,
			);
			name = Frameworks;
			sourceTree = "<group>";
		};
		CE0C7DF12002267200A53371 /* PlayerSelectorTVC */ = {
			isa = PBXGroup;
			children = (
				187832AD20038CB000F8A156 /* PlayerListTableViewCell.h */,
				187832AC20038CB000F8A156 /* PlayerListTableViewCell.m */,
				187832AB20038CB000F8A156 /* PlayerListTableViewCell.xib */,
			);
			path = PlayerSelectorTVC;
			sourceTree = "<group>";
		};
		CE0C7DF52002267200A53371 /* CustomButton */ = {
			isa = PBXGroup;
			children = (
				CE0C7DF62002267200A53371 /* CustomButton.h */,
				CE0C7DF72002267200A53371 /* CustomButton.m */,
			);
			path = CustomButton;
			sourceTree = "<group>";
		};
		CE2993D82005D247003781EC /* SubView */ = {
			isa = PBXGroup;
			children = (
				CE2993D92005D247003781EC /* ExpendView */,
				CE2993DC2005D247003781EC /* SeachView */,
			);
			path = SubView;
			sourceTree = "<group>";
		};
		CE2993D92005D247003781EC /* ExpendView */ = {
			isa = PBXGroup;
			children = (
				CE2993DA2005D247003781EC /* ExpendedView.h */,
				CE2993DB2005D247003781EC /* ExpendedView.m */,
			);
			path = ExpendView;
			sourceTree = "<group>";
		};
		CE2993DC2005D247003781EC /* SeachView */ = {
			isa = PBXGroup;
			children = (
				CE2993DD2005D247003781EC /* SeachView.h */,
				CE2993DE2005D247003781EC /* SeachView.m */,
			);
			path = SeachView;
			sourceTree = "<group>";
		};
		CE91AAA420A1C07A00DBA042 /* ExpendCell */ = {
			isa = PBXGroup;
			children = (
				CE91AAA520A1C07A00DBA042 /* DetailCell.h */,
				CE91AAA620A1C07A00DBA042 /* DetailCell.m */,
			);
			path = ExpendCell;
			sourceTree = "<group>";
		};
		CE91AAA820A1C3BF00DBA042 /* PlayerListCollectionViewCell */ = {
			isa = PBXGroup;
			children = (
				CE91AAA920A1C3BF00DBA042 /* CollectionViewLayout */,
				CE91AAAB20A1C3BF00DBA042 /* PlayerListCollectionViewCell.h */,
				CE91AAAC20A1C3BF00DBA042 /* PlayerListCollectionViewCell.m */,
				CE91AAAD20A1C3BF00DBA042 /* PlayerListCollectionViewCell.xib */,
			);
			path = PlayerListCollectionViewCell;
			sourceTree = "<group>";
		};
		CE91AAA920A1C3BF00DBA042 /* CollectionViewLayout */ = {
			isa = PBXGroup;
			children = (
				CE9E8DFC20A4202900B519D6 /* CustomCollectionViewLayout.h */,
				CE9E8DFD20A4202900B519D6 /* CustomCollectionViewLayout.m */,
				CE9E8DFE20A4202900B519D6 /* CustomCollectionViewLayout1.swift */,
			);
			path = CollectionViewLayout;
			sourceTree = "<group>";
		};
		CE91AAB420A1C4E000DBA042 /* Formatters */ = {
			isa = PBXGroup;
			children = (
				CE91AAB520A1C4E000DBA042 /* DateValueFormatter.h */,
				CE91AAB620A1C4E000DBA042 /* DateValueFormatter.m */,
				CE91AAB720A1C4E000DBA042 /* DayAxisValueFormatter.h */,
				CE91AAB820A1C4E000DBA042 /* DayAxisValueFormatter.m */,
				CE91AAB920A1C4E000DBA042 /* HorizontalXLblFormatter.h */,
				CE91AABA20A1C4E000DBA042 /* HorizontalXLblFormatter.m */,
				CE91AABB20A1C4E000DBA042 /* IntAxisValueFormatter.h */,
				CE91AABC20A1C4E000DBA042 /* IntAxisValueFormatter.m */,
				CE91AABD20A1C4E000DBA042 /* LargeValueFormatter.swift */,
			);
			path = Formatters;
			sourceTree = "<group>";
		};
		CE91AABE20A1C4E100DBA042 /* Components */ = {
			isa = PBXGroup;
			children = (
				CE91AABF20A1C4E100DBA042 /* BalloonMarker.swift */,
				CE91AAC020A1C4E100DBA042 /* RadarMarkerView.swift */,
				CE91AAC120A1C4E100DBA042 /* XYMarkerView.swift */,
			);
			path = Components;
			sourceTree = "<group>";
		};
		CEC52AE220B2A4D900CF80CF /* LoginVC */ = {
			isa = PBXGroup;
			children = (
				CEC52AE320B2A4D900CF80CF /* LoginVC.h */,
				CEC52AE420B2A4D900CF80CF /* LoginVC.m */,
				CEC52AE520B2A4D900CF80CF /* LoginVC.xib */,
			);
			path = LoginVC;
			sourceTree = "<group>";
		};
/* End PBXGroup section */

/* Begin PBXNativeTarget section */
		187F5C661FFF944600970319 /* SportsStats */ = {
			isa = PBXNativeTarget;
			buildConfigurationList = 187F5C7D1FFF944600970319 /* Build configuration list for PBXNativeTarget "SportsStats" */;
			buildPhases = (
				4D5344FA5CF8417FB058D76D /* [CP] Check Pods Manifest.lock */,
				187F5C631FFF944600970319 /* Sources */,
				187F5C641FFF944600970319 /* Frameworks */,
				187F5C651FFF944600970319 /* Resources */,
				8588976F128267A2749263A0 /* [CP] Embed Pods Frameworks */,
			);
			buildRules = (
			);
			dependencies = (
			);
			name = SportsStats;
			productName = SportsStats;
			productReference = 187F5C671FFF944600970319 /* SportsStats.app */;
			productType = "com.apple.product-type.application";
		};
/* End PBXNativeTarget section */

/* Begin PBXProject section */
		187F5C5F1FFF944600970319 /* Project object */ = {
			isa = PBXProject;
			attributes = {
				LastUpgradeCheck = 0900;
				ORGANIZATIONNAME = agaram;
				TargetAttributes = {
					187F5C661FFF944600970319 = {
						CreatedOnToolsVersion = 9.0;
						ProvisioningStyle = Automatic;
					};
				};
			};
			buildConfigurationList = 187F5C621FFF944600970319 /* Build configuration list for PBXProject "SportsStats" */;
			compatibilityVersion = "Xcode 8.0";
			developmentRegion = en;
			hasScannedForEncodings = 0;
			knownRegions = (
				en,
				Base,
			);
			mainGroup = 187F5C5E1FFF944600970319;
			productRefGroup = 187F5C681FFF944600970319 /* Products */;
			projectDirPath = "";
			projectRoot = "";
			targets = (
				187F5C661FFF944600970319 /* SportsStats */,
			);
		};
/* End PBXProject section */

/* Begin PBXResourcesBuildPhase section */
		187F5C651FFF944600970319 /* Resources */ = {
			isa = PBXResourcesBuildPhase;
			buildActionMask = 2147483647;
			files = (
				1821A8F92000E97C009F8269 /* SIL Open Font License.txt in Resources */,
				1821A8EF2000E97C009F8269 /* MontserratAlternates-ExtraBold.otf in Resources */,
				1821A90C2000E97C009F8269 /* MontserratAlternates-SemiBoldItalic.otf in Resources */,
				1821A9122000E9DC009F8269 /* CustomNavigation_iPad.xib in Resources */,
				1821A8ED2000E97C009F8269 /* Montserrat-ExtraBold.otf in Resources */,
				1821A90B2000E97C009F8269 /* Montserrat-SemiBoldItalic.otf in Resources */,
				1821A8F42000E97C009F8269 /* MontserratAlternates-SemiBold.otf in Resources */,
				1821A8FF2000E97C009F8269 /* Montserrat-Thin.otf in Resources */,
				1821A8FA2000E97C009F8269 /* Montserrat-ExtraBoldItalic.otf in Resources */,
				1821A8E82000E97C009F8269 /* Montserrat-Black.otf in Resources */,
				1821A8F22000E97C009F8269 /* MontserratAlternates-Black.otf in Resources */,
				1821A8F72000E97C009F8269 /* MontserratAlternates-Medium.otf in Resources */,
				1821A8FB2000E97C009F8269 /* Montserrat-ThinItalic.otf in Resources */,
				1821A8F32000E97C009F8269 /* MontserratAlternates-ExtraBoldItalic.otf in Resources */,
				1821A8FD2000E97C009F8269 /* Montserrat-MediumItalic.otf in Resources */,
				CEC52AE720B2A4D900CF80CF /* LoginVC.xib in Resources */,
				187F5C771FFF944600970319 /* LaunchScreen.storyboard in Resources */,
				1821A9022000E97C009F8269 /* Montserrat-LightItalic.otf in Resources */,
				1821A8F02000E97C009F8269 /* Montserrat-ExtraLight.otf in Resources */,
				1821A9072000E97C009F8269 /* MontserratAlternates-ThinItalic.otf in Resources */,
				1821A9142000E9DC009F8269 /* CustomNavigation_iPhone.xib in Resources */,
				1821A8EE2000E97C009F8269 /* Montserrat-Regular.otf in Resources */,
				1821A8F82000E97C009F8269 /* Montserrat-Italic.otf in Resources */,
				1821A9062000E97C009F8269 /* MontserratAlternates-ExtraLightItalic.otf in Resources */,
				1821A8F12000E97C009F8269 /* MontserratAlternates-Regular.otf in Resources */,
				1821A9052000E97C009F8269 /* Montserrat-SemiBold.otf in Resources */,
				1821A8F52000E97C009F8269 /* MontserratAlternates-ExtraLight.otf in Resources */,
				1821A8EA2000E97C009F8269 /* MontserratAlternates-Thin.otf in Resources */,
				1821A9032000E97C009F8269 /* MontserratAlternates-BlackItalic.otf in Resources */,
				1821A8EC2000E97C009F8269 /* Montserrat-BoldItalic.otf in Resources */,
				1821A8F62000E97C009F8269 /* MontserratAlternates-Italic.otf in Resources */,
				CE91AAB020A1C3BF00DBA042 /* PlayerListCollectionViewCell.xib in Resources */,
				1821A9092000E97C009F8269 /* MontserratAlternates-Light.otf in Resources */,
				1821A9012000E97C009F8269 /* Montserrat-BlackItalic.otf in Resources */,
				1821A9042000E97C009F8269 /* MontserratAlternates-LightItalic.otf in Resources */,
				187F5C741FFF944600970319 /* Assets.xcassets in Resources */,
				1821A8FC2000E97C009F8269 /* Montserrat-ExtraLightItalic.otf in Resources */,
				1821A9002000E97C009F8269 /* Montserrat-Bold.otf in Resources */,
				187832AE20038CB000F8A156 /* PlayerListTableViewCell.xib in Resources */,
				1821A90A2000E97C009F8269 /* MontserratAlternates-MediumItalic.otf in Resources */,
				1821A8FE2000E97C009F8269 /* MontserratAlternates-Bold.otf in Resources */,
				187F5C721FFF944600970319 /* Main.storyboard in Resources */,
				1821A8EB2000E97C009F8269 /* Montserrat-Medium.otf in Resources */,
				1821A8E92000E97C009F8269 /* MontserratAlternates-BoldItalic.otf in Resources */,
				1821A9082000E97C009F8269 /* Montserrat-Light.otf in Resources */,
			);
			runOnlyForDeploymentPostprocessing = 0;
		};
/* End PBXResourcesBuildPhase section */

/* Begin PBXShellScriptBuildPhase section */
		4D5344FA5CF8417FB058D76D /* [CP] Check Pods Manifest.lock */ = {
			isa = PBXShellScriptBuildPhase;
			buildActionMask = 2147483647;
			files = (
			);
			inputPaths = (
				"${PODS_PODFILE_DIR_PATH}/Podfile.lock",
				"${PODS_ROOT}/Manifest.lock",
			);
			name = "[CP] Check Pods Manifest.lock";
			outputPaths = (
				"$(DERIVED_FILE_DIR)/Pods-SportsStats-checkManifestLockResult.txt",
			);
			runOnlyForDeploymentPostprocessing = 0;
			shellPath = /bin/sh;
			shellScript = "diff \"${PODS_PODFILE_DIR_PATH}/Podfile.lock\" \"${PODS_ROOT}/Manifest.lock\" > /dev/null\nif [ $? != 0 ] ; then\n    # print error to STDERR\n    echo \"error: The sandbox is not in sync with the Podfile.lock. Run 'pod install' or update your CocoaPods installation.\" >&2\n    exit 1\nfi\n# This output is used by Xcode 'outputs' to avoid re-running this script phase.\necho \"SUCCESS\" > \"${SCRIPT_OUTPUT_FILE_0}\"\n";
			showEnvVarsInLog = 0;
		};
		8588976F128267A2749263A0 /* [CP] Embed Pods Frameworks */ = {
			isa = PBXShellScriptBuildPhase;
			buildActionMask = 2147483647;
			files = (
			);
			inputPaths = (
				"${SRCROOT}/Pods/Target Support Files/Pods-SportsStats/Pods-SportsStats-frameworks.sh",
				"${BUILT_PRODUCTS_DIR}/AFNetworking/AFNetworking.framework",
				"${BUILT_PRODUCTS_DIR}/Charts/Charts.framework",
				"${BUILT_PRODUCTS_DIR}/MBProgressHUD/MBProgressHUD.framework",
				"${BUILT_PRODUCTS_DIR}/SDWebImage/SDWebImage.framework",
			);
			name = "[CP] Embed Pods Frameworks";
			outputPaths = (
				"${TARGET_BUILD_DIR}/${FRAMEWORKS_FOLDER_PATH}/AFNetworking.framework",
				"${TARGET_BUILD_DIR}/${FRAMEWORKS_FOLDER_PATH}/Charts.framework",
				"${TARGET_BUILD_DIR}/${FRAMEWORKS_FOLDER_PATH}/MBProgressHUD.framework",
				"${TARGET_BUILD_DIR}/${FRAMEWORKS_FOLDER_PATH}/SDWebImage.framework",
			);
			runOnlyForDeploymentPostprocessing = 0;
			shellPath = /bin/sh;
			shellScript = "\"${SRCROOT}/Pods/Target Support Files/Pods-SportsStats/Pods-SportsStats-frameworks.sh\"\n";
			showEnvVarsInLog = 0;
		};
/* End PBXShellScriptBuildPhase section */

/* Begin PBXSourcesBuildPhase section */
		187F5C631FFF944600970319 /* Sources */ = {
			isa = PBXSourcesBuildPhase;
			buildActionMask = 2147483647;
			files = (
				187832AF20038CB000F8A156 /* PlayerListTableViewCell.m in Sources */,
				CE2993DF2005D247003781EC /* ExpendedView.m in Sources */,
				CEC52AE620B2A4D900CF80CF /* LoginVC.m in Sources */,
				CE91AAB320A1C49200DBA042 /* BowlerCell.m in Sources */,
				CE0C7DFA2002267200A53371 /* CustomButton.m in Sources */,
				1893D7B32004F8F10048CCF1 /* HACBarLayer.m in Sources */,
				CE91AAC620A1C4E100DBA042 /* LargeValueFormatter.swift in Sources */,
				1821A95C2000F285009F8269 /* PlayerSelectorVC.m in Sources */,
				187F5C7A1FFF944600970319 /* main.m in Sources */,
				187832AA2003625300F8A156 /* Reachability.m in Sources */,
				1821A8C22000E928009F8269 /* WebService.m in Sources */,
				CE91AAC320A1C4E100DBA042 /* DayAxisValueFormatter.m in Sources */,
				CE91AAC820A1C4E100DBA042 /* RadarMarkerView.swift in Sources */,
				1821A9132000E9DC009F8269 /* CustomNavigation.m in Sources */,
				CE2993E02005D247003781EC /* SeachView.m in Sources */,
				CE91AAC920A1C4E100DBA042 /* XYMarkerView.swift in Sources */,
				187F5C6C1FFF944600970319 /* AppDelegate.m in Sources */,
				1821A95F2000F29B009F8269 /* PlayerStatsVC.m in Sources */,
				1893D7B92004F91D0048CCF1 /* MCChartInformationView.m in Sources */,
				CE9E8E0020A4202A00B519D6 /* CustomCollectionViewLayout1.swift in Sources */,
				CE91AAC720A1C4E100DBA042 /* BalloonMarker.swift in Sources */,
				CE91AAA720A1C07A00DBA042 /* DetailCell.m in Sources */,
				CE91AAAF20A1C3BF00DBA042 /* PlayerListCollectionViewCell.m in Sources */,
				187832A6200361E400F8A156 /* AppCommon.m in Sources */,
				CE91AAC520A1C4E100DBA042 /* IntAxisValueFormatter.m in Sources */,
				CE91AAC220A1C4E100DBA042 /* DateValueFormatter.m in Sources */,
				1893D7B82004F91D0048CCF1 /* MCBarChartView.m in Sources */,
				CE91AAC420A1C4E100DBA042 /* HorizontalXLblFormatter.m in Sources */,
				1893D7B22004F8F10048CCF1 /* HACBarChart.m in Sources */,
				CE9E8DFF20A4202A00B519D6 /* CustomCollectionViewLayout.m in Sources */,
			);
			runOnlyForDeploymentPostprocessing = 0;
		};
/* End PBXSourcesBuildPhase section */

/* Begin PBXVariantGroup section */
		187F5C701FFF944600970319 /* Main.storyboard */ = {
			isa = PBXVariantGroup;
			children = (
				187F5C711FFF944600970319 /* Base */,
			);
			name = Main.storyboard;
			sourceTree = "<group>";
		};
		187F5C751FFF944600970319 /* LaunchScreen.storyboard */ = {
			isa = PBXVariantGroup;
			children = (
				187F5C761FFF944600970319 /* Base */,
			);
			name = LaunchScreen.storyboard;
			sourceTree = "<group>";
		};
/* End PBXVariantGroup section */

/* Begin XCBuildConfiguration section */
		187F5C7B1FFF944600970319 /* Debug */ = {
			isa = XCBuildConfiguration;
			buildSettings = {
				ALWAYS_SEARCH_USER_PATHS = NO;
				CLANG_ANALYZER_NONNULL = YES;
				CLANG_ANALYZER_NUMBER_OBJECT_CONVERSION = YES_AGGRESSIVE;
				CLANG_CXX_LANGUAGE_STANDARD = "gnu++14";
				CLANG_CXX_LIBRARY = "libc++";
				CLANG_ENABLE_MODULES = YES;
				CLANG_ENABLE_OBJC_ARC = YES;
				CLANG_WARN_BLOCK_CAPTURE_AUTORELEASING = YES;
				CLANG_WARN_BOOL_CONVERSION = YES;
				CLANG_WARN_COMMA = YES;
				CLANG_WARN_CONSTANT_CONVERSION = YES;
				CLANG_WARN_DIRECT_OBJC_ISA_USAGE = YES_ERROR;
				CLANG_WARN_DOCUMENTATION_COMMENTS = YES;
				CLANG_WARN_EMPTY_BODY = YES;
				CLANG_WARN_ENUM_CONVERSION = YES;
				CLANG_WARN_INFINITE_RECURSION = YES;
				CLANG_WARN_INT_CONVERSION = YES;
				CLANG_WARN_NON_LITERAL_NULL_CONVERSION = YES;
				CLANG_WARN_OBJC_LITERAL_CONVERSION = YES;
				CLANG_WARN_OBJC_ROOT_CLASS = YES_ERROR;
				CLANG_WARN_RANGE_LOOP_ANALYSIS = YES;
				CLANG_WARN_STRICT_PROTOTYPES = YES;
				CLANG_WARN_SUSPICIOUS_MOVE = YES;
				CLANG_WARN_UNGUARDED_AVAILABILITY = YES_AGGRESSIVE;
				CLANG_WARN_UNREACHABLE_CODE = YES;
				CLANG_WARN__DUPLICATE_METHOD_MATCH = YES;
				CODE_SIGN_IDENTITY = "iPhone Developer";
				COPY_PHASE_STRIP = NO;
				DEBUG_INFORMATION_FORMAT = dwarf;
				ENABLE_STRICT_OBJC_MSGSEND = YES;
				ENABLE_TESTABILITY = YES;
				GCC_C_LANGUAGE_STANDARD = gnu11;
				GCC_DYNAMIC_NO_PIC = NO;
				GCC_NO_COMMON_BLOCKS = YES;
				GCC_OPTIMIZATION_LEVEL = 0;
				GCC_PREPROCESSOR_DEFINITIONS = (
					"DEBUG=1",
					"$(inherited)",
				);
				GCC_WARN_64_TO_32_BIT_CONVERSION = YES;
				GCC_WARN_ABOUT_RETURN_TYPE = YES_ERROR;
				GCC_WARN_UNDECLARED_SELECTOR = YES;
				GCC_WARN_UNINITIALIZED_AUTOS = YES_AGGRESSIVE;
				GCC_WARN_UNUSED_FUNCTION = YES;
				GCC_WARN_UNUSED_VARIABLE = YES;
				IPHONEOS_DEPLOYMENT_TARGET = 9.0;
				MTL_ENABLE_DEBUG_INFO = YES;
				ONLY_ACTIVE_ARCH = YES;
				SDKROOT = iphoneos;
			};
			name = Debug;
		};
		187F5C7C1FFF944600970319 /* Release */ = {
			isa = XCBuildConfiguration;
			buildSettings = {
				ALWAYS_SEARCH_USER_PATHS = NO;
				CLANG_ANALYZER_NONNULL = YES;
				CLANG_ANALYZER_NUMBER_OBJECT_CONVERSION = YES_AGGRESSIVE;
				CLANG_CXX_LANGUAGE_STANDARD = "gnu++14";
				CLANG_CXX_LIBRARY = "libc++";
				CLANG_ENABLE_MODULES = YES;
				CLANG_ENABLE_OBJC_ARC = YES;
				CLANG_WARN_BLOCK_CAPTURE_AUTORELEASING = YES;
				CLANG_WARN_BOOL_CONVERSION = YES;
				CLANG_WARN_COMMA = YES;
				CLANG_WARN_CONSTANT_CONVERSION = YES;
				CLANG_WARN_DIRECT_OBJC_ISA_USAGE = YES_ERROR;
				CLANG_WARN_DOCUMENTATION_COMMENTS = YES;
				CLANG_WARN_EMPTY_BODY = YES;
				CLANG_WARN_ENUM_CONVERSION = YES;
				CLANG_WARN_INFINITE_RECURSION = YES;
				CLANG_WARN_INT_CONVERSION = YES;
				CLANG_WARN_NON_LITERAL_NULL_CONVERSION = YES;
				CLANG_WARN_OBJC_LITERAL_CONVERSION = YES;
				CLANG_WARN_OBJC_ROOT_CLASS = YES_ERROR;
				CLANG_WARN_RANGE_LOOP_ANALYSIS = YES;
				CLANG_WARN_STRICT_PROTOTYPES = YES;
				CLANG_WARN_SUSPICIOUS_MOVE = YES;
				CLANG_WARN_UNGUARDED_AVAILABILITY = YES_AGGRESSIVE;
				CLANG_WARN_UNREACHABLE_CODE = YES;
				CLANG_WARN__DUPLICATE_METHOD_MATCH = YES;
				CODE_SIGN_IDENTITY = "iPhone Developer";
				COPY_PHASE_STRIP = NO;
				DEBUG_INFORMATION_FORMAT = "dwarf-with-dsym";
				ENABLE_NS_ASSERTIONS = NO;
				ENABLE_STRICT_OBJC_MSGSEND = YES;
				GCC_C_LANGUAGE_STANDARD = gnu11;
				GCC_NO_COMMON_BLOCKS = YES;
				GCC_WARN_64_TO_32_BIT_CONVERSION = YES;
				GCC_WARN_ABOUT_RETURN_TYPE = YES_ERROR;
				GCC_WARN_UNDECLARED_SELECTOR = YES;
				GCC_WARN_UNINITIALIZED_AUTOS = YES_AGGRESSIVE;
				GCC_WARN_UNUSED_FUNCTION = YES;
				GCC_WARN_UNUSED_VARIABLE = YES;
				IPHONEOS_DEPLOYMENT_TARGET = 9.0;
				MTL_ENABLE_DEBUG_INFO = NO;
				SDKROOT = iphoneos;
				VALIDATE_PRODUCT = YES;
			};
			name = Release;
		};
		187F5C7E1FFF944600970319 /* Debug */ = {
			isa = XCBuildConfiguration;
			baseConfigurationReference = CF99D1CD0E6CE8A891638D5B /* Pods-SportsStats.debug.xcconfig */;
			buildSettings = {
				ASSETCATALOG_COMPILER_APPICON_NAME = AppIcon;
				ASSETCATALOG_COMPILER_LAUNCHIMAGE_NAME = "LaunchImage-2";
				CODE_SIGN_STYLE = Automatic;
				DEVELOPMENT_TEAM = LZ7UNGW43T;
				INFOPLIST_FILE = SportsStats/Info.plist;
				IPHONEOS_DEPLOYMENT_TARGET = 9.1;
				LD_RUNPATH_SEARCH_PATHS = "$(inherited) @executable_path/Frameworks";
				PRODUCT_BUNDLE_IDENTIFIER = "com.IPL-2018.app";
				PRODUCT_NAME = "$(TARGET_NAME)";
				SWIFT_VERSION = 4.0;
				TARGETED_DEVICE_FAMILY = "1,2";
			};
			name = Debug;
		};
		187F5C7F1FFF944600970319 /* Release */ = {
			isa = XCBuildConfiguration;
			baseConfigurationReference = 756E200640A36208B531C9EA /* Pods-SportsStats.release.xcconfig */;
			buildSettings = {
				ASSETCATALOG_COMPILER_APPICON_NAME = AppIcon;
				ASSETCATALOG_COMPILER_LAUNCHIMAGE_NAME = "LaunchImage-2";
				CODE_SIGN_STYLE = Automatic;
				DEVELOPMENT_TEAM = LZ7UNGW43T;
				INFOPLIST_FILE = SportsStats/Info.plist;
				IPHONEOS_DEPLOYMENT_TARGET = 9.1;
				LD_RUNPATH_SEARCH_PATHS = "$(inherited) @executable_path/Frameworks";
				PRODUCT_BUNDLE_IDENTIFIER = "com.IPL-2018.app";
				PRODUCT_NAME = "$(TARGET_NAME)";
				SWIFT_VERSION = 4.0;
				TARGETED_DEVICE_FAMILY = "1,2";
			};
			name = Release;
		};
/* End XCBuildConfiguration section */

/* Begin XCConfigurationList section */
		187F5C621FFF944600970319 /* Build configuration list for PBXProject "SportsStats" */ = {
			isa = XCConfigurationList;
			buildConfigurations = (
				187F5C7B1FFF944600970319 /* Debug */,
				187F5C7C1FFF944600970319 /* Release */,
			);
			defaultConfigurationIsVisible = 0;
			defaultConfigurationName = Release;
		};
		187F5C7D1FFF944600970319 /* Build configuration list for PBXNativeTarget "SportsStats" */ = {
			isa = XCConfigurationList;
			buildConfigurations = (
				187F5C7E1FFF944600970319 /* Debug */,
				187F5C7F1FFF944600970319 /* Release */,
			);
			defaultConfigurationIsVisible = 0;
			defaultConfigurationName = Release;
		};
/* End XCConfigurationList section */
	};
	rootObject = 187F5C5F1FFF944600970319 /* Project object */;
}
